
Microsoft Visual Studio Solution File, Format Version 12.00
# Visual Studio Version 16
VisualStudioVersion = 16.0.29806.167
MinimumVisualStudioVersion = 10.0.40219.1
Project("{FAE04EC0-301F-11D3-BF4B-00C04F79EFBC}") = "AvaliacaoP2", "AvaliacaoP2\AvaliacaoP2.csproj", "{C75EACE1-18FC-417A-B620-33E0AA65E02D}"
EndProject
Global
	GlobalSection(SolutionConfigurationPlatforms) = preSolution
		Debug|Any CPU = Debug|Any CPU
		Release|Any CPU = Release|Any CPU
	EndGlobalSection
	GlobalSection(ProjectConfigurationPlatforms) = postSolution
		{C75EACE1-18FC-417A-B620-33E0AA65E02D}.Debug|Any CPU.ActiveCfg = Debug|Any CPU
		{C75EACE1-18FC-417A-B620-33E0AA65E02D}.Debug|Any CPU.Build.0 = Debug|Any CPU
		{C75EACE1-18FC-417A-B620-33E0AA65E02D}.Release|Any CPU.ActiveCfg = Release|Any CPU
		{C75EACE1-18FC-417A-B620-33E0AA65E02D}.Release|Any CPU.Build.0 = Release|Any CPU
	EndGlobalSection
	GlobalSection(SolutionProperties) = preSolution
		HideSolutionNode = FALSE
	EndGlobalSection
	GlobalSection(ExtensibilityGlobals) = postSolution
		SolutionGuid = {528A950E-6A02-4A73-8B8C-A611C3A005CC}
	EndGlobalSection
EndGlobal
